# THIS IS AN AUTOGENERATED FILE. DO NOT EDIT THIS FILE DIRECTLY.
# yarn lockfile v1


"@alifd/field@~1.4.1":
  version "1.4.6"
  resolved "https://registry.yarnpkg.com/@alifd/field/-/field-1.4.6.tgz#74797bb9f640adf83507aa39283eb89bc1f00830"
  integrity sha512-xIAm9f0Fh+TbuBasJ5StJPfh2BxIwT9QTs5JoGN41rW8/+RhxhVV1b70vnepb4+YRMAQrDnFEE6uWBDZTSOJIA==
  dependencies:
    "@alifd/validate" "^1.2.0"
    prop-types "^15.5.8"

"@alifd/next@^1.19.23":
  version "1.22.26"
  resolved "https://registry.yarnpkg.com/@alifd/next/-/next-1.22.26.tgz#c6078def12b66e10ae3bab2436d3b79ae6ff4eca"
  integrity sha512-Ia7m7ja8NEZP1s2t7BAlMYGUhrRPAgWcIC3DCpeMSZ9c7Ung4F9JxxnP0ZP7A3hmMb+1Pig3RA25FTKotPserg==
  dependencies:
    "@alifd/field" "~1.4.1"
    "@alifd/validate" "~1.2.0"
    babel-runtime "^6.26.0"
    classnames "^2.2.3"
    dayjs "^1.9.6"
    hoist-non-react-statics "^2.1.0"
    lodash.clonedeep "^4.5.0"
    prop-types "^15.6.0"
    react-lifecycles-compat "^3.0.4"
    react-transition-group "^2.2.1"
    resize-observer-polyfill "^1.5.1"
    shallow-element-equals "^1.0.1"

"@alifd/validate@^1.2.0", "@alifd/validate@~1.2.0":
  version "1.2.3"
  resolved "https://registry.yarnpkg.com/@alifd/validate/-/validate-1.2.3.tgz#3b7f880a1a955470b303fddce5afa42a9f2d9ff2"
  integrity sha512-ggSBfpl3H8M2OEM95zC9NQc4cBvne/Eq4mTHZHWtqYI/6Vnz0k1fGx3hnYsdGu3c3hF4l6sUDPulactM6lSXtA==

"@babel/runtime@^7.1.2":
  version "7.14.0"
  resolved "https://registry.yarnpkg.com/@babel/runtime/-/runtime-7.14.0.tgz#46794bc20b612c5f75e62dd071e24dfd95f1cbe6"
  integrity sha512-JELkvo/DlpNdJ7dlyw/eY7E0suy5i5GQH+Vlxaq1nsNJ+H7f4Vtv3jMeCEgRhZZQFXTjldYfQgv2qmM6M1v5wA==
  dependencies:
    regenerator-runtime "^0.13.4"

"@types/node@^12.6.8":
  version "12.20.13"
  resolved "https://registry.yarnpkg.com/@types/node/-/node-12.20.13.tgz#e743bae112bd779ac9650f907197dd2caa7f0364"
  integrity sha512-1x8W5OpxPq+T85OUsHRP6BqXeosKmeXRtjoF39STcdf/UWLqUsoehstZKOi0CunhVqHG17AyZgpj20eRVooK6A==

"@types/prop-types@*":
  version "15.7.3"
  resolved "https://registry.yarnpkg.com/@types/prop-types/-/prop-types-15.7.3.tgz#2ab0d5da2e5815f94b0b9d4b95d1e5f243ab2ca7"
  integrity sha512-KfRL3PuHmqQLOG+2tGpRO26Ctg+Cq1E01D2DMriKEATHgWLfeNDmq9e29Q9WIky0dQ3NPkd1mzYH8Lm936Z9qw==

"@types/react@^17.0.5":
  version "17.0.5"
  resolved "https://registry.yarnpkg.com/@types/react/-/react-17.0.5.tgz#3d887570c4489011f75a3fc8f965bf87d09a1bea"
  integrity sha512-bj4biDB9ZJmGAYTWSKJly6bMr4BLUiBrx9ujiJEoP9XIDY9CTaPGxE5QWN/1WjpPLzYF7/jRNnV2nNxNe970sw==
  dependencies:
    "@types/prop-types" "*"
    "@types/scheduler" "*"
    csstype "^3.0.2"

"@types/scheduler@*":
  version "0.16.1"
  resolved "https://registry.yarnpkg.com/@types/scheduler/-/scheduler-0.16.1.tgz#18845205e86ff0038517aab7a18a62a6b9f71275"
  integrity sha512-EaCxbanVeyxDRTQBkdLb3Bvl/HK7PBK6UJjsSixB0iHKoWxE5uu2Q/DgtpOhPIojN0Zl1whvOd7PoHs2P0s5eA==

babel-runtime@^6.26.0:
  version "6.26.0"
  resolved "https://registry.yarnpkg.com/babel-runtime/-/babel-runtime-6.26.0.tgz#965c7058668e82b55d7bfe04ff2337bc8b5647fe"
  integrity sha1-llxwWGaOgrVde/4E/yM3vItWR/4=
  dependencies:
    core-js "^2.4.0"
    regenerator-runtime "^0.11.0"

classnames@^2.2.3:
  version "2.3.1"
  resolved "https://registry.yarnpkg.com/classnames/-/classnames-2.3.1.tgz#dfcfa3891e306ec1dad105d0e88f4417b8535e8e"
  integrity sha512-OlQdbZ7gLfGarSqxesMesDa5uz7KFbID8Kpq/SxIoNGDqY8lSYs0D+hhtBXhcdB3rcbXArFr7vlHheLk1voeNA==

core-js@^2.4.0:
  version "2.6.12"
  resolved "https://registry.yarnpkg.com/core-js/-/core-js-2.6.12.tgz#d9333dfa7b065e347cc5682219d6f690859cc2ec"
  integrity sha512-Kb2wC0fvsWfQrgk8HU5lW6U/Lcs8+9aaYcy4ZFc6DDlo4nZ7n70dEgE5rtR0oG6ufKDUnrwfWL1mXR5ljDatrQ==

csstype@^3.0.2:
  version "3.0.8"
  resolved "https://registry.yarnpkg.com/csstype/-/csstype-3.0.8.tgz#d2266a792729fb227cd216fb572f43728e1ad340"
  integrity sha512-jXKhWqXPmlUeoQnF/EhTtTl4C9SnrxSH/jZUih3jmO6lBKr99rP3/+FmrMj4EFpOXzMtXHAZkd3x0E6h6Fgflw==

dayjs@^1.9.6:
  version "1.10.4"
  resolved "https://registry.yarnpkg.com/dayjs/-/dayjs-1.10.4.tgz#8e544a9b8683f61783f570980a8a80eaf54ab1e2"
  integrity sha512-RI/Hh4kqRc1UKLOAf/T5zdMMX5DQIlDxwUe3wSyMMnEbGunnpENCdbUgM+dW7kXidZqCttBrmw7BhN4TMddkCw==

dom-helpers@^3.4.0:
  version "3.4.0"
  resolved "https://registry.yarnpkg.com/dom-helpers/-/dom-helpers-3.4.0.tgz#e9b369700f959f62ecde5a6babde4bccd9169af8"
  integrity sha512-LnuPJ+dwqKDIyotW1VzmOZ5TONUN7CwkCR5hrgawTUbkBGYdeoNLZo6nNfGkCrjtE1nXXaj7iMMpDa8/d9WoIA==
  dependencies:
    "@babel/runtime" "^7.1.2"

hoist-non-react-statics@^2.1.0:
  version "2.5.5"
  resolved "https://registry.yarnpkg.com/hoist-non-react-statics/-/hoist-non-react-statics-2.5.5.tgz#c5903cf409c0dfd908f388e619d86b9c1174cb47"
  integrity sha512-rqcy4pJo55FTTLWt+bU8ukscqHeE/e9KWvsOW2b/a3afxQZhwkQdT1rPPCJ0rYXdj4vNcasY8zHTH+jF/qStxw==

"js-tokens@^3.0.0 || ^4.0.0":
  version "4.0.0"
  resolved "https://registry.yarnpkg.com/js-tokens/-/js-tokens-4.0.0.tgz#19203fb59991df98e3a287050d4647cdeaf32499"
  integrity sha512-RdJUflcE3cUzKiMqQgsCu06FPu9UdIJO0beYbPhHN4k6apgJtifcoCtT9bcxOpYBtpD2kCM6Sbzg4CausW/PKQ==

lodash.clonedeep@^4.5.0:
  version "4.5.0"
  resolved "https://registry.yarnpkg.com/lodash.clonedeep/-/lodash.clonedeep-4.5.0.tgz#e23f3f9c4f8fbdde872529c1071857a086e5ccef"
  integrity sha1-4j8/nE+Pvd6HJSnBBxhXoIblzO8=

lodash.pick@^4.4.0:
  version "4.4.0"
  resolved "https://registry.yarnpkg.com/lodash.pick/-/lodash.pick-4.4.0.tgz#52f05610fff9ded422611441ed1fc123a03001b3"
  integrity sha1-UvBWEP/53tQiYRRB7R/BI6AwAbM=

loose-envify@^1.4.0:
  version "1.4.0"
  resolved "https://registry.yarnpkg.com/loose-envify/-/loose-envify-1.4.0.tgz#71ee51fa7be4caec1a63839f7e682d8132d30caf"
  integrity sha512-lyuxPGr/Wfhrlem2CL/UcnUc1zcqKAImBDzukY7Y5F/yQiNdko6+fRLevlw1HgMySw7f611UIY408EtxRSoK3Q==
  dependencies:
    js-tokens "^3.0.0 || ^4.0.0"

object-assign@^4.1.1:
  version "4.1.1"
  resolved "https://registry.yarnpkg.com/object-assign/-/object-assign-4.1.1.tgz#2109adc7965887cfc05cbbd442cac8bfbb360863"
  integrity sha1-IQmtx5ZYh8/AXLvUQsrIv7s2CGM=

prop-types@^15.5.8, prop-types@^15.6.0, prop-types@^15.6.2:
  version "15.7.2"
  resolved "https://registry.yarnpkg.com/prop-types/-/prop-types-15.7.2.tgz#52c41e75b8c87e72b9d9360e0206b99dcbffa6c5"
  integrity sha512-8QQikdH7//R2vurIJSutZ1smHYTcLpRWEOlHnzcWHmBYrOGUysKwSsrC89BCiFj3CbrfJ/nXFdJepOVrY1GCHQ==
  dependencies:
    loose-envify "^1.4.0"
    object-assign "^4.1.1"
    react-is "^16.8.1"

react-is@^16.8.1:
  version "16.13.1"
  resolved "https://registry.yarnpkg.com/react-is/-/react-is-16.13.1.tgz#789729a4dc36de2999dc156dd6c1d9c18cea56a4"
  integrity sha512-24e6ynE2H+OKt4kqsOvNd8kBpV65zoxbA4BVsEOB3ARVWQki/DHzaUoC5KuON/BiccDaCCTZBuOcfZs70kR8bQ==

react-lifecycles-compat@^3.0.4:
  version "3.0.4"
  resolved "https://registry.yarnpkg.com/react-lifecycles-compat/-/react-lifecycles-compat-3.0.4.tgz#4f1a273afdfc8f3488a8c516bfda78f872352362"
  integrity sha512-fBASbA6LnOU9dOU2eW7aQ8xmYBSXUIWr+UmF9b1efZBazGNO+rcXT/icdKnYm2pTwcRylVUYwW7H1PHfLekVzA==

react-transition-group@^2.2.1:
  version "2.9.0"
  resolved "https://registry.yarnpkg.com/react-transition-group/-/react-transition-group-2.9.0.tgz#df9cdb025796211151a436c69a8f3b97b5b07c8d"
  integrity sha512-+HzNTCHpeQyl4MJ/bdE0u6XRMe9+XG/+aL4mCxVN4DnPBQ0/5bfHWPDuOZUzYdMj94daZaZdCCc1Dzt9R/xSSg==
  dependencies:
    dom-helpers "^3.4.0"
    loose-envify "^1.4.0"
    prop-types "^15.6.2"
    react-lifecycles-compat "^3.0.4"

regenerator-runtime@^0.11.0:
  version "0.11.1"
  resolved "https://registry.yarnpkg.com/regenerator-runtime/-/regenerator-runtime-0.11.1.tgz#be05ad7f9bf7d22e056f9726cee5017fbf19e2e9"
  integrity sha512-MguG95oij0fC3QV3URf4V2SDYGJhJnJGqvIIgdECeODCT98wSWDAJ94SSuVpYQUoTcGUIL6L4yNB7j1DFFHSBg==

regenerator-runtime@^0.13.4:
  version "0.13.7"
  resolved "https://registry.yarnpkg.com/regenerator-runtime/-/regenerator-runtime-0.13.7.tgz#cac2dacc8a1ea675feaabaeb8ae833898ae46f55"
  integrity sha512-a54FxoJDIr27pgf7IgeQGxmqUNYrcV338lf/6gH456HZ/PhX+5BcwHXG9ajESmwe6WRO0tAzRUrRmNONWgkrew==

resize-observer-polyfill@^1.5.1:
  version "1.5.1"
  resolved "https://registry.yarnpkg.com/resize-observer-polyfill/-/resize-observer-polyfill-1.5.1.tgz#0e9020dd3d21024458d4ebd27e23e40269810464"
  integrity sha512-LwZrotdHOo12nQuZlHEmtuXdqGoOD0OhaxopaNFxWzInpEgaLWoVuAMbTzixuosCx2nEG58ngzW3vxdWoxIgdg==

shallow-element-equals@^1.0.1:
  version "1.0.1"
  resolved "https://registry.yarnpkg.com/shallow-element-equals/-/shallow-element-equals-1.0.1.tgz#50739b7d94ad7567a134173d3f4422387ed57ce6"
  integrity sha1-UHObfZStdWehNBc9P0QiOH7VfOY=
  dependencies:
    style-equal "^1.0.0"

style-equal@^1.0.0:
  version "1.0.0"
  resolved "https://registry.yarnpkg.com/style-equal/-/style-equal-1.0.0.tgz#98a1c5922226bfe13c196e73f1940e91b8e66595"
  integrity sha1-mKHFkiImv+E8GW5z8ZQOkbjmZZU=

typescript@^4.2.4:
  version "4.2.4"
  resolved "https://registry.yarnpkg.com/typescript/-/typescript-4.2.4.tgz#8610b59747de028fda898a8aef0e103f156d0961"
  integrity sha512-V+evlYHZnQkaz8TRBuxTA92yZBPotr5H+WhQ7bD3hZUndx5tGOa1fuCgeSjxAzM1RiN5IzvadIXTVefuuwZCRg==
